# This file was autogenerated by Stack.
# You should not edit this file by hand.
# For more information, please see the documentation at:
#   https://docs.haskellstack.org/en/stable/lock_files

packages:
- completed:
    hackage: aeson-1.4.4.0@sha256:a6f5eddcff9526c786a1b77bdfade54b42f67c066b379bbc4b55ffb291e6c7d6,7251
    pantry-tree:
      size: 40193
      sha256: 7de75d80a5b3debd556ac6443f2ffeb49504c2aa08709ab8803174fc18a6ad90
  original:
    hackage: aeson-1.4.4.0@sha256:a6f5eddcff9526c786a1b77bdfade54b42f67c066b379bbc4b55ffb291e6c7d6,7251
- completed:
    hackage: bytestring-0.10.10.0@sha256:06b2e84f1bc9ab71a162c0ca9e88358dd6bbe5cb7fdda2d6d34b6863c367ec95,8944
    pantry-tree:
      size: 2788
      sha256: 0c8345618e3d7440989d5001ff57d01896548195338bf7a70d8453710a43418b
  original:
    hackage: bytestring-0.10.10.0@sha256:06b2e84f1bc9ab71a162c0ca9e88358dd6bbe5cb7fdda2d6d34b6863c367ec95,8944
- completed:
    hackage: containers-0.6.2.1@sha256:bbc3d2d5eef59a5d26383fb4b727c968390f2b6e9bd413d29aa875175bb16f8b,2460
    pantry-tree:
      size: 2823
      sha256: 5bb0af2da4e4cc5472a17063ecdbda8f1117e5f3509fcd600f2cbd7e2b760f49
  original:
    hackage: containers-0.6.2.1@sha256:bbc3d2d5eef59a5d26383fb4b727c968390f2b6e9bd413d29aa875175bb16f8b,2460
- completed:
    hackage: pretty-simple-3.1.0.0@sha256:d9d045de35be6a2d78a9b3b38d39b13caba96c0ef5ba9d4b44b9b7c2c50e7fa1,4129
    pantry-tree:
      size: 1405
      sha256: 897ea2ca3dcab20d4679671e4c0d6d2d9b71ff0978c9572296b4f9b6fdaf4a40
  original:
    hackage: pretty-simple-3.1.0.0@sha256:d9d045de35be6a2d78a9b3b38d39b13caba96c0ef5ba9d4b44b9b7c2c50e7fa1,4129
- completed:
    hackage: text-1.2.4.0@sha256:8c24450feb8e3bbb7ea3e17af24ef57e85db077c4bf53e5bcc345b283d1b1d5b,10081
    pantry-tree:
      size: 7457
      sha256: 3437b0a73ce2ae1a81aa8b3438d41a85981c00894cdbee0d6d6d6873046a5d5d
  original:
    hackage: text-1.2.4.0@sha256:8c24450feb8e3bbb7ea3e17af24ef57e85db077c4bf53e5bcc345b283d1b1d5b,10081
- completed:
    hackage: binary-0.8.7.0@sha256:ae3e6cca723ac55c54bbb3fa771bcf18142bc727afd57818e66d6ee6c8044f12,7705
    pantry-tree:
      size: 1976
      sha256: 35e44b6d3ccf0d56fc5407dc3f0895e74696a66da189afbd65973c95743f5e25
  original:
    hackage: binary-0.8.7.0@sha256:ae3e6cca723ac55c54bbb3fa771bcf18142bc727afd57818e66d6ee6c8044f12,7705
- completed:
    hackage: directory-1.3.4.0@sha256:500019f04494324d1df16cf83eefeb3f809b2b20b32a32ccd755ee0439c18bfd,2829
    pantry-tree:
      size: 3365
      sha256: 00c09e0c014d29ebfb921b64c1459e61a0ad6f10e70128d795246a47c06394b0
  original:
    hackage: directory-1.3.4.0@sha256:500019f04494324d1df16cf83eefeb3f809b2b20b32a32ccd755ee0439c18bfd,2829
- completed:
    hackage: process-1.6.7.0@sha256:305bcf44c42a96425e77af1748183f505a701648f68cc299d5ad8ac1b866a6a1,2468
    pantry-tree:
      size: 1211
      sha256: 49c3e531d2473fe455c1cde655f074a320fa4ec8569d650262bf382f9c5796fb
  original:
    hackage: process-1.6.7.0@sha256:305bcf44c42a96425e77af1748183f505a701648f68cc299d5ad8ac1b866a6a1,2468
- completed:
    hackage: type-equality-1@sha256:aeb9c44abf5d2edf52caff114a7da565d8328fa84bbe194828e4355ea85bf5b3,1457
    pantry-tree:
      size: 313
      sha256: 00d4fb756b387d6d7663ccdaae7b61234d4c9c6c5792427133f7686461fb844d
  original:
    hackage: type-equality-1@sha256:aeb9c44abf5d2edf52caff114a7da565d8328fa84bbe194828e4355ea85bf5b3,1457
- completed:
    hackage: unix-2.7.2.2@sha256:e69269a17b9fa26cb77f3f55e86c39d0a4940ccfa0c4bc20826919d2572076ad,3496
    pantry-tree:
      size: 3536
      sha256: c355f7924ce67e5bf8f20767462af18f09b8c0d1f7161117221cbb94c15deee3
  original:
    hackage: unix-2.7.2.2@sha256:e69269a17b9fa26cb77f3f55e86c39d0a4940ccfa0c4bc20826919d2572076ad,3496
- completed:
    hackage: benchmark-function-0.1.0.1@sha256:c04c5f2c0fc734155e84c9b2ec041d98dadf6b35e4d8f27b1a35a548b968956a,647
    pantry-tree:
      size: 276
      sha256: b9cb49868d269b473a9ca995be918d41da398342c154b5a9610a1d4ed391aa04
  original:
    hackage: benchmark-function-0.1.0.1@sha256:c04c5f2c0fc734155e84c9b2ec041d98dadf6b35e4d8f27b1a35a548b968956a,647
- completed:
    hackage: hip-1.5.4.0@sha256:f1a79c096dd5ddf4debbf0b351e20a93232d550c04816f71ae1069df72edc12d,6988
    pantry-tree:
      size: 7456
      sha256: 4d97960499bd1bdac9892a8ed53c9511f957d54021bfb26551b98db886092fa8
  original:
    hackage: hip-1.5.4.0@sha256:f1a79c096dd5ddf4debbf0b351e20a93232d550c04816f71ae1069df72edc12d,6988
- completed:
    hackage: lens-4.17.1@sha256:7b7900cd621be02888e311f77af05a1770216d28be708c386c3ada64283208ae,15822
    pantry-tree:
      size: 8041
      sha256: c73c1c3affee21e099600d69215cb28bc527f5fdba8bac1d3ed71bafd02ddbd7
  original:
    hackage: lens-4.17.1@sha256:7b7900cd621be02888e311f77af05a1770216d28be708c386c3ada64283208ae,15822
- completed:
    hackage: ansi-terminal-0.10.2@sha256:1ec06f91326476548c9a638aed0f70b0497dac775c8a15829be294676431645c,3226
    pantry-tree:
      size: 1461
      sha256: 6fe8f94c45ec07844d6eb87b47bd54da1940f99efa3374faa85d047c587faec8
  original:
    hackage: ansi-terminal-0.10.2@sha256:1ec06f91326476548c9a638aed0f70b0497dac775c8a15829be294676431645c,3226
- completed:
    hackage: hpc-0.6.0.3@sha256:de3f7982345d315f1d7713df38b4f2cf09bd274f7d64dffec0cf2a0d9c8aab19,1185
    pantry-tree:
      size: 432
      sha256: 4686c367eb25eb4d32d66bd4c080d6caa2b5e78c73beea3993db690137e1d6cb
  original:
    hackage: hpc-0.6.0.3@sha256:de3f7982345d315f1d7713df38b4f2cf09bd274f7d64dffec0cf2a0d9c8aab19,1185
snapshots:
- completed:
    size: 524804
    url: https://raw.githubusercontent.com/commercialhaskell/stackage-snapshots/master/lts/14/16.yaml
    sha256: 4d1519a4372d051d47a5eae2241cf3fb54e113d7475f89707ddb6ec06add2888
  original: lts-14.16
